
Microsoft Visual Studio Solution File, Format Version 12.00
# 
Project("{FAE04EC0-301F-11D3-BF4B-00C04F79EFBC}") = "Benjis-Shop-Toolbox", "Benjis-Shop-Toolbox\Benjis-Shop-Toolbox.csproj", "{6F923195-CE36-42BA-B081-DF7ECEEB7C48}"
EndProject
Project("{FAE04EC0-301F-11D3-BF4B-00C04F79EFBC}") = "ThemeLinker", "ThemeLinker\ThemeLinker.csproj", "{107EBF62-D3E7-43D4-9B85-FA46C2C12563}"
EndProject
Global
	GlobalSection(SolutionConfigurationPlatforms) = preSolution
		Debug|Any CPU = Debug|Any CPU
		Release|Any CPU = Release|Any CPU
	EndGlobalSection
	GlobalSection(ProjectConfigurationPlatforms) = postSolution
		{6F923195-CE36-42BA-B081-DF7ECEEB7C48}.Debug|Any CPU.ActiveCfg = Debug|Any CPU
		{6F923195-CE36-42BA-B081-DF7ECEEB7C48}.Debug|Any CPU.Build.0 = Debug|Any CPU
		{6F923195-CE36-42BA-B081-DF7ECEEB7C48}.Release|Any CPU.ActiveCfg = Release|Any CPU
		{6F923195-CE36-42BA-B081-DF7ECEEB7C48}.Release|Any CPU.Build.0 = Release|Any CPU
		{107EBF62-D3E7-43D4-9B85-FA46C2C12563}.Debug|Any CPU.ActiveCfg = Debug|Any CPU
		{107EBF62-D3E7-43D4-9B85-FA46C2C12563}.Debug|Any CPU.Build.0 = Debug|Any CPU
		{107EBF62-D3E7-43D4-9B85-FA46C2C12563}.Release|Any CPU.ActiveCfg = Release|Any CPU
		{107EBF62-D3E7-43D4-9B85-FA46C2C12563}.Release|Any CPU.Build.0 = Release|Any CPU
	EndGlobalSection
EndGlobal
